
Microsoft Visual Studio Solution File, Format Version 12.00
# Visual Studio Version 16
VisualStudioVersion = 16.0.30128.74
MinimumVisualStudioVersion = 10.0.40219.1
Project("{8BC9CEB8-8B4A-11D0-8D11-00A0C91BC942}") = "custom-matrix-multiplication", "custom-matrix-multiplication.vcxproj", "{6FA47F85-9DF0-4D4A-8E84-7D9EB6A4279E}"
EndProject
Global
	GlobalSection(SolutionConfigurationPlatforms) = preSolution
		Debug|x64 = Debug|x64
		Debug|x86 = Debug|x86
		Release|x64 = Release|x64
		Release|x86 = Release|x86
	EndGlobalSection
	GlobalSection(ProjectConfigurationPlatforms) = postSolution
		{6FA47F85-9DF0-4D4A-8E84-7D9EB6A4279E}.Debug|x64.ActiveCfg = Debug|x64
		{6FA47F85-9DF0-4D4A-8E84-7D9EB6A4279E}.Debug|x64.Build.0 = Debug|x64
		{6FA47F85-9DF0-4D4A-8E84-7D9EB6A4279E}.Debug|x86.ActiveCfg = Debug|Win32
		{6FA47F85-9DF0-4D4A-8E84-7D9EB6A4279E}.Debug|x86.Build.0 = Debug|Win32
		{6FA47F85-9DF0-4D4A-8E84-7D9EB6A4279E}.Release|x64.ActiveCfg = Release|x64
		{6FA47F85-9DF0-4D4A-8E84-7D9EB6A4279E}.Release|x64.Build.0 = Release|x64
		{6FA47F85-9DF0-4D4A-8E84-7D9EB6A4279E}.Release|x86.ActiveCfg = Release|Win32
		{6FA47F85-9DF0-4D4A-8E84-7D9EB6A4279E}.Release|x86.Build.0 = Release|Win32
	EndGlobalSection
	GlobalSection(SolutionProperties) = preSolution
		HideSolutionNode = FALSE
	EndGlobalSection
	GlobalSection(ExtensibilityGlobals) = postSolution
		SolutionGuid = {D69741E9-7A82-464A-A6D1-9272FBE7CA3B}
	EndGlobalSection
EndGlobal
